// !$*UTF8*$!
{
	archiveVersion = 1;
	classes = {
	};
	objectVersion = 46;
	objects = {

/* Begin PBXBuildFile section */
		2BEAFD641469E4E600F791BF /* Cocoa.framework in Frameworks */ = {isa = PBXBuildFile; fileRef = 2BEAFD631469E4E600F791BF /* Cocoa.framework */; };
		2BEAFD6E1469E4E600F791BF /* InfoPlist.strings in Resources */ = {isa = PBXBuildFile; fileRef = 2BEAFD6C1469E4E600F791BF /* InfoPlist.strings */; };
		2BEAFD701469E4E600F791BF /* main.m in Sources */ = {isa = PBXBuildFile; fileRef = 2BEAFD6F1469E4E600F791BF /* main.m */; };
		2BEAFD741469E4E600F791BF /* Credits.rtf in Resources */ = {isa = PBXBuildFile; fileRef = 2BEAFD721469E4E600F791BF /* Credits.rtf */; };
		2BEAFD771469E4E600F791BF /* FDAppDelegate.m in Sources */ = {isa = PBXBuildFile; fileRef = 2BEAFD761469E4E600F791BF /* FDAppDelegate.m */; };
		2BEAFD7A1469E4E600F791BF /* MainMenu.xib in Resources */ = {isa = PBXBuildFile; fileRef = 2BEAFD781469E4E600F791BF /* MainMenu.xib */; };
		2BEAFD8C1469E5D300F791BF /* KBContext.c in Sources */ = {isa = PBXBuildFile; fileRef = 2BEAFD821469E5D300F791BF /* KBContext.c */; };
		2BEAFD8D1469E5D300F791BF /* KBDecode.c in Sources */ = {isa = PBXBuildFile; fileRef = 2BEAFD841469E5D300F791BF /* KBDecode.c */; };
		2BEAFD8E1469E5D300F791BF /* KBDecodeObjC.m in Sources */ = {isa = PBXBuildFile; fileRef = 2BEAFD871469E5D300F791BF /* KBDecodeObjC.m */; };
		2BEAFD8F1469E5D300F791BF /* KBEncode.c in Sources */ = {isa = PBXBuildFile; fileRef = 2BEAFD881469E5D300F791BF /* KBEncode.c */; };
		2BEAFD901469E5D300F791BF /* KBEncodeObjC.m in Sources */ = {isa = PBXBuildFile; fileRef = 2BEAFD8B1469E5D300F791BF /* KBEncodeObjC.m */; };
		2BEAFE811469FEF100F791BF /* QuartzCore.framework in Frameworks */ = {isa = PBXBuildFile; fileRef = 2BEAFE801469FEF100F791BF /* QuartzCore.framework */; };
		2BEAFE831469FF0700F791BF /* ApplicationServices.framework in Frameworks */ = {isa = PBXBuildFile; fileRef = 2BEAFE821469FF0700F791BF /* ApplicationServices.framework */; };
		2BEAFE8B146B18C300F791BF /* RSUIToolBox.m in Sources */ = {isa = PBXBuildFile; fileRef = 2BEAFE8A146B18C300F791BF /* RSUIToolBox.m */; };
		2BEAFE92146B289B00F791BF /* FDFile.m in Sources */ = {isa = PBXBuildFile; fileRef = 2BEAFE91146B289B00F791BF /* FDFile.m */; };
		2BEAFE95146B29E100F791BF /* FDFileManager.m in Sources */ = {isa = PBXBuildFile; fileRef = 2BEAFE94146B29E100F791BF /* FDFileManager.m */; };
		2BEAFE98146B2C1200F791BF /* FDFileRecv.m in Sources */ = {isa = PBXBuildFile; fileRef = 2BEAFE97146B2C1100F791BF /* FDFileRecv.m */; };
		2BEAFE9B146B2C2200F791BF /* FDFileSend.m in Sources */ = {isa = PBXBuildFile; fileRef = 2BEAFE9A146B2C2100F791BF /* FDFileSend.m */; };
		2BEAFEA5146B386000F791BF /* cancel_hover.png in Resources */ = {isa = PBXBuildFile; fileRef = 2BEAFE9F146B386000F791BF /* cancel_hover.png */; };
		2BEAFEA6146B386000F791BF /* cancel.png in Resources */ = {isa = PBXBuildFile; fileRef = 2BEAFEA0146B386000F791BF /* cancel.png */; };
		2BEAFEA7146B386000F791BF /* pause_hover.png in Resources */ = {isa = PBXBuildFile; fileRef = 2BEAFEA1146B386000F791BF /* pause_hover.png */; };
		2BEAFEA8146B386000F791BF /* pause.png in Resources */ = {isa = PBXBuildFile; fileRef = 2BEAFEA2146B386000F791BF /* pause.png */; };
		2BEAFEA9146B386000F791BF /* resume_hover.png in Resources */ = {isa = PBXBuildFile; fileRef = 2BEAFEA3146B386000F791BF /* resume_hover.png */; };
		2BEAFEAA146B386000F791BF /* resume.png in Resources */ = {isa = PBXBuildFile; fileRef = 2BEAFEA4146B386000F791BF /* resume.png */; };
		2BEAFED5146CA6A500F791BF /* RSSocket.m in Sources */ = {isa = PBXBuildFile; fileRef = 2BEAFED4146CA6A500F791BF /* RSSocket.m */; };
		2BEAFEDD146CA7A100F791BF /* FDServerClient.m in Sources */ = {isa = PBXBuildFile; fileRef = 2BEAFEDC146CA7A100F791BF /* FDServerClient.m */; };
		2BEAFEE0146CA91B00F791BF /* KBPacket.m in Sources */ = {isa = PBXBuildFile; fileRef = 2BEAFEDF146CA91B00F791BF /* KBPacket.m */; };
/* End PBXBuildFile section */

/* Begin PBXCopyFilesBuildPhase section */
		2BEAFDD31469F4A500F791BF /* CopyFiles */ = {
			isa = PBXCopyFilesBuildPhase;
			buildActionMask = 2147483647;
			dstPath = "";
			dstSubfolderSpec = 10;
			files = (
			);
			runOnlyForDeploymentPostprocessing = 0;
		};
/* End PBXCopyFilesBuildPhase section */

/* Begin PBXFileReference section */
		2BEAFD5F1469E4E600F791BF /* FileDrop.app */ = {isa = PBXFileReference; explicitFileType = wrapper.application; includeInIndex = 0; path = FileDrop.app; sourceTree = BUILT_PRODUCTS_DIR; };
		2BEAFD631469E4E600F791BF /* Cocoa.framework */ = {isa = PBXFileReference; lastKnownFileType = wrapper.framework; name = Cocoa.framework; path = System/Library/Frameworks/Cocoa.framework; sourceTree = SDKROOT; };
		2BEAFD661469E4E600F791BF /* AppKit.framework */ = {isa = PBXFileReference; lastKnownFileType = wrapper.framework; name = AppKit.framework; path = System/Library/Frameworks/AppKit.framework; sourceTree = SDKROOT; };
		2BEAFD671469E4E600F791BF /* CoreData.framework */ = {isa = PBXFileReference; lastKnownFileType = wrapper.framework; name = CoreData.framework; path = System/Library/Frameworks/CoreData.framework; sourceTree = SDKROOT; };
		2BEAFD681469E4E600F791BF /* Foundation.framework */ = {isa = PBXFileReference; lastKnownFileType = wrapper.framework; name = Foundation.framework; path = System/Library/Frameworks/Foundation.framework; sourceTree = SDKROOT; };
		2BEAFD6B1469E4E600F791BF /* FileDrop-Info.plist */ = {isa = PBXFileReference; lastKnownFileType = text.plist.xml; path = "FileDrop-Info.plist"; sourceTree = "<group>"; };
		2BEAFD6D1469E4E600F791BF /* en */ = {isa = PBXFileReference; lastKnownFileType = text.plist.strings; name = en; path = en.lproj/InfoPlist.strings; sourceTree = "<group>"; };
		2BEAFD6F1469E4E600F791BF /* main.m */ = {isa = PBXFileReference; lastKnownFileType = sourcecode.c.objc; path = main.m; sourceTree = "<group>"; };
		2BEAFD711469E4E600F791BF /* FileDrop-Prefix.pch */ = {isa = PBXFileReference; lastKnownFileType = sourcecode.c.h; path = "FileDrop-Prefix.pch"; sourceTree = "<group>"; };
		2BEAFD731469E4E600F791BF /* en */ = {isa = PBXFileReference; lastKnownFileType = text.rtf; name = en; path = en.lproj/Credits.rtf; sourceTree = "<group>"; };
		2BEAFD751469E4E600F791BF /* FDAppDelegate.h */ = {isa = PBXFileReference; lastKnownFileType = sourcecode.c.h; path = FDAppDelegate.h; sourceTree = "<group>"; };
		2BEAFD761469E4E600F791BF /* FDAppDelegate.m */ = {isa = PBXFileReference; lastKnownFileType = sourcecode.c.objc; path = FDAppDelegate.m; sourceTree = "<group>"; };
		2BEAFD791469E4E600F791BF /* en */ = {isa = PBXFileReference; lastKnownFileType = file.xib; name = en; path = en.lproj/MainMenu.xib; sourceTree = "<group>"; };
		2BEAFD811469E5D300F791BF /* KBConst.h */ = {isa = PBXFileReference; fileEncoding = 4; lastKnownFileType = sourcecode.c.h; path = KBConst.h; sourceTree = "<group>"; };
		2BEAFD821469E5D300F791BF /* KBContext.c */ = {isa = PBXFileReference; fileEncoding = 4; lastKnownFileType = sourcecode.c.c; path = KBContext.c; sourceTree = "<group>"; };
		2BEAFD831469E5D300F791BF /* KBContext.h */ = {isa = PBXFileReference; fileEncoding = 4; lastKnownFileType = sourcecode.c.h; path = KBContext.h; sourceTree = "<group>"; };
		2BEAFD841469E5D300F791BF /* KBDecode.c */ = {isa = PBXFileReference; fileEncoding = 4; lastKnownFileType = sourcecode.c.c; path = KBDecode.c; sourceTree = "<group>"; };
		2BEAFD851469E5D300F791BF /* KBDecode.h */ = {isa = PBXFileReference; fileEncoding = 4; lastKnownFileType = sourcecode.c.h; path = KBDecode.h; sourceTree = "<group>"; };
		2BEAFD861469E5D300F791BF /* KBDecodeObjC.h */ = {isa = PBXFileReference; fileEncoding = 4; lastKnownFileType = sourcecode.c.h; path = KBDecodeObjC.h; sourceTree = "<group>"; };
		2BEAFD871469E5D300F791BF /* KBDecodeObjC.m */ = {isa = PBXFileReference; fileEncoding = 4; lastKnownFileType = sourcecode.c.objc; path = KBDecodeObjC.m; sourceTree = "<group>"; };
		2BEAFD881469E5D300F791BF /* KBEncode.c */ = {isa = PBXFileReference; fileEncoding = 4; lastKnownFileType = sourcecode.c.c; path = KBEncode.c; sourceTree = "<group>"; };
		2BEAFD891469E5D300F791BF /* KBEncode.h */ = {isa = PBXFileReference; fileEncoding = 4; lastKnownFileType = sourcecode.c.h; path = KBEncode.h; sourceTree = "<group>"; };
		2BEAFD8A1469E5D300F791BF /* KBEncodeObjC.h */ = {isa = PBXFileReference; fileEncoding = 4; lastKnownFileType = sourcecode.c.h; path = KBEncodeObjC.h; sourceTree = "<group>"; };
		2BEAFD8B1469E5D300F791BF /* KBEncodeObjC.m */ = {isa = PBXFileReference; fileEncoding = 4; lastKnownFileType = sourcecode.c.objc; path = KBEncodeObjC.m; sourceTree = "<group>"; };
		2BEAFE801469FEF100F791BF /* QuartzCore.framework */ = {isa = PBXFileReference; lastKnownFileType = wrapper.framework; name = QuartzCore.framework; path = System/Library/Frameworks/QuartzCore.framework; sourceTree = SDKROOT; };
		2BEAFE821469FF0700F791BF /* ApplicationServices.framework */ = {isa = PBXFileReference; lastKnownFileType = wrapper.framework; name = ApplicationServices.framework; path = System/Library/Frameworks/ApplicationServices.framework; sourceTree = SDKROOT; };
		2BEAFE89146B18C300F791BF /* RSUIToolBox.h */ = {isa = PBXFileReference; fileEncoding = 4; lastKnownFileType = sourcecode.c.h; path = RSUIToolBox.h; sourceTree = "<group>"; };
		2BEAFE8A146B18C300F791BF /* RSUIToolBox.m */ = {isa = PBXFileReference; fileEncoding = 4; lastKnownFileType = sourcecode.c.objc; path = RSUIToolBox.m; sourceTree = "<group>"; };
		2BEAFE90146B289B00F791BF /* FDFile.h */ = {isa = PBXFileReference; fileEncoding = 4; lastKnownFileType = sourcecode.c.h; path = FDFile.h; sourceTree = "<group>"; };
		2BEAFE91146B289B00F791BF /* FDFile.m */ = {isa = PBXFileReference; fileEncoding = 4; lastKnownFileType = sourcecode.c.objc; path = FDFile.m; sourceTree = "<group>"; };
		2BEAFE93146B29E100F791BF /* FDFileManager.h */ = {isa = PBXFileReference; fileEncoding = 4; lastKnownFileType = sourcecode.c.h; path = FDFileManager.h; sourceTree = "<group>"; };
		2BEAFE94146B29E100F791BF /* FDFileManager.m */ = {isa = PBXFileReference; fileEncoding = 4; lastKnownFileType = sourcecode.c.objc; path = FDFileManager.m; sourceTree = "<group>"; };
		2BEAFE96146B2C1100F791BF /* FDFileRecv.h */ = {isa = PBXFileReference; fileEncoding = 4; lastKnownFileType = sourcecode.c.h; path = FDFileRecv.h; sourceTree = "<group>"; };
		2BEAFE97146B2C1100F791BF /* FDFileRecv.m */ = {isa = PBXFileReference; fileEncoding = 4; lastKnownFileType = sourcecode.c.objc; path = FDFileRecv.m; sourceTree = "<group>"; };
		2BEAFE99146B2C2100F791BF /* FDFileSend.h */ = {isa = PBXFileReference; fileEncoding = 4; lastKnownFileType = sourcecode.c.h; path = FDFileSend.h; sourceTree = "<group>"; };
		2BEAFE9A146B2C2100F791BF /* FDFileSend.m */ = {isa = PBXFileReference; fileEncoding = 4; lastKnownFileType = sourcecode.c.objc; path = FDFileSend.m; sourceTree = "<group>"; };
		2BEAFE9F146B386000F791BF /* cancel_hover.png */ = {isa = PBXFileReference; lastKnownFileType = image.png; path = cancel_hover.png; sourceTree = "<group>"; };
		2BEAFEA0146B386000F791BF /* cancel.png */ = {isa = PBXFileReference; lastKnownFileType = image.png; path = cancel.png; sourceTree = "<group>"; };
		2BEAFEA1146B386000F791BF /* pause_hover.png */ = {isa = PBXFileReference; lastKnownFileType = image.png; path = pause_hover.png; sourceTree = "<group>"; };
		2BEAFEA2146B386000F791BF /* pause.png */ = {isa = PBXFileReference; lastKnownFileType = image.png; path = pause.png; sourceTree = "<group>"; };
		2BEAFEA3146B386000F791BF /* resume_hover.png */ = {isa = PBXFileReference; lastKnownFileType = image.png; path = resume_hover.png; sourceTree = "<group>"; };
		2BEAFEA4146B386000F791BF /* resume.png */ = {isa = PBXFileReference; lastKnownFileType = image.png; path = resume.png; sourceTree = "<group>"; };
		2BEAFED0146CA19F00F791BF /* FDFileDrop.h */ = {isa = PBXFileReference; fileEncoding = 4; lastKnownFileType = sourcecode.c.h; path = FDFileDrop.h; sourceTree = "<group>"; };
		2BEAFED1146CA20000F791BF /* FDDefines.h */ = {isa = PBXFileReference; fileEncoding = 4; lastKnownFileType = sourcecode.c.h; path = FDDefines.h; sourceTree = "<group>"; };
		2BEAFED3146CA6A500F791BF /* RSSocket.h */ = {isa = PBXFileReference; fileEncoding = 4; lastKnownFileType = sourcecode.c.h; path = RSSocket.h; sourceTree = "<group>"; };
		2BEAFED4146CA6A500F791BF /* RSSocket.m */ = {isa = PBXFileReference; fileEncoding = 4; lastKnownFileType = sourcecode.c.objc; path = RSSocket.m; sourceTree = "<group>"; };
		2BEAFEDB146CA7A100F791BF /* FDServerClient.h */ = {isa = PBXFileReference; fileEncoding = 4; lastKnownFileType = sourcecode.c.h; path = FDServerClient.h; sourceTree = "<group>"; };
		2BEAFEDC146CA7A100F791BF /* FDServerClient.m */ = {isa = PBXFileReference; fileEncoding = 4; lastKnownFileType = sourcecode.c.objc; path = FDServerClient.m; sourceTree = "<group>"; };
		2BEAFEDE146CA91B00F791BF /* KBPacket.h */ = {isa = PBXFileReference; fileEncoding = 4; lastKnownFileType = sourcecode.c.h; path = KBPacket.h; sourceTree = "<group>"; };
		2BEAFEDF146CA91B00F791BF /* KBPacket.m */ = {isa = PBXFileReference; fileEncoding = 4; lastKnownFileType = sourcecode.c.objc; path = KBPacket.m; sourceTree = "<group>"; };
/* End PBXFileReference section */

/* Begin PBXFrameworksBuildPhase section */
		2BEAFD5C1469E4E600F791BF /* Frameworks */ = {
			isa = PBXFrameworksBuildPhase;
			buildActionMask = 2147483647;
			files = (
				2BEAFE831469FF0700F791BF /* ApplicationServices.framework in Frameworks */,
				2BEAFE811469FEF100F791BF /* QuartzCore.framework in Frameworks */,
				2BEAFD641469E4E600F791BF /* Cocoa.framework in Frameworks */,
			);
			runOnlyForDeploymentPostprocessing = 0;
		};
/* End PBXFrameworksBuildPhase section */

/* Begin PBXGroup section */
		2BEAFD541469E4E500F791BF = {
			isa = PBXGroup;
			children = (
				2BEAFD691469E4E600F791BF /* FileDrop */,
				2BEAFD621469E4E600F791BF /* Frameworks */,
				2BEAFD601469E4E600F791BF /* Products */,
			);
			sourceTree = "<group>";
		};
		2BEAFD601469E4E600F791BF /* Products */ = {
			isa = PBXGroup;
			children = (
				2BEAFD5F1469E4E600F791BF /* FileDrop.app */,
			);
			name = Products;
			sourceTree = "<group>";
		};
		2BEAFD621469E4E600F791BF /* Frameworks */ = {
			isa = PBXGroup;
			children = (
				2BEAFE821469FF0700F791BF /* ApplicationServices.framework */,
				2BEAFE801469FEF100F791BF /* QuartzCore.framework */,
				2BEAFD631469E4E600F791BF /* Cocoa.framework */,
				2BEAFD651469E4E600F791BF /* Other Frameworks */,
			);
			name = Frameworks;
			sourceTree = "<group>";
		};
		2BEAFD651469E4E600F791BF /* Other Frameworks */ = {
			isa = PBXGroup;
			children = (
				2BEAFD661469E4E600F791BF /* AppKit.framework */,
				2BEAFD671469E4E600F791BF /* CoreData.framework */,
				2BEAFD681469E4E600F791BF /* Foundation.framework */,
			);
			name = "Other Frameworks";
			sourceTree = "<group>";
		};
		2BEAFD691469E4E600F791BF /* FileDrop */ = {
			isa = PBXGroup;
			children = (
				2BEAFDA51469F1B500F791BF /* Application Delegates */,
				2BEAFE88146B18A800F791BF /* Helpers */,
				2BEAFED2146CA66C00F791BF /* Communication */,
				2BEAFE8F146B288B00F791BF /* Objects */,
				2BEAFE84146B13D900F791BF /* Main Table */,
				2BEAFEAB146B3C0A00F791BF /* Other UI */,
				2BEAFD801469E5C600F791BF /* KeyedBits */,
				2BEAFD781469E4E600F791BF /* MainMenu.xib */,
				2BEAFD6A1469E4E600F791BF /* Supporting Files */,
			);
			path = FileDrop;
			sourceTree = "<group>";
		};
		2BEAFD6A1469E4E600F791BF /* Supporting Files */ = {
			isa = PBXGroup;
			children = (
				2BEAFE9E146B385300F791BF /* Resources */,
				2BEAFD6B1469E4E600F791BF /* FileDrop-Info.plist */,
				2BEAFD6C1469E4E600F791BF /* InfoPlist.strings */,
				2BEAFD6F1469E4E600F791BF /* main.m */,
				2BEAFD711469E4E600F791BF /* FileDrop-Prefix.pch */,
				2BEAFD721469E4E600F791BF /* Credits.rtf */,
			);
			name = "Supporting Files";
			sourceTree = "<group>";
		};
		2BEAFD801469E5C600F791BF /* KeyedBits */ = {
			isa = PBXGroup;
			children = (
				2BEAFD811469E5D300F791BF /* KBConst.h */,
				2BEAFD821469E5D300F791BF /* KBContext.c */,
				2BEAFD831469E5D300F791BF /* KBContext.h */,
				2BEAFD841469E5D300F791BF /* KBDecode.c */,
				2BEAFD851469E5D300F791BF /* KBDecode.h */,
				2BEAFD861469E5D300F791BF /* KBDecodeObjC.h */,
				2BEAFD871469E5D300F791BF /* KBDecodeObjC.m */,
				2BEAFD881469E5D300F791BF /* KBEncode.c */,
				2BEAFD891469E5D300F791BF /* KBEncode.h */,
				2BEAFD8A1469E5D300F791BF /* KBEncodeObjC.h */,
				2BEAFD8B1469E5D300F791BF /* KBEncodeObjC.m */,
			);
			name = KeyedBits;
			sourceTree = "<group>";
		};
		2BEAFDA51469F1B500F791BF /* Application Delegates */ = {
			isa = PBXGroup;
			children = (
				2BEAFD751469E4E600F791BF /* FDAppDelegate.h */,
				2BEAFD761469E4E600F791BF /* FDAppDelegate.m */,
			);
			name = "Application Delegates";
			sourceTree = "<group>";
		};
		2BEAFE84146B13D900F791BF /* Main Table */ = {
			isa = PBXGroup;
			children = (
			);
			name = "Main Table";
			sourceTree = "<group>";
		};
		2BEAFE88146B18A800F791BF /* Helpers */ = {
			isa = PBXGroup;
			children = (
				2BEAFED0146CA19F00F791BF /* FDFileDrop.h */,
				2BEAFED1146CA20000F791BF /* FDDefines.h */,
				2BEAFE89146B18C300F791BF /* RSUIToolBox.h */,
				2BEAFE8A146B18C300F791BF /* RSUIToolBox.m */,
			);
			name = Helpers;
			sourceTree = "<group>";
		};
		2BEAFE8F146B288B00F791BF /* Objects */ = {
			isa = PBXGroup;
			children = (
				2BEAFE93146B29E100F791BF /* FDFileManager.h */,
				2BEAFE94146B29E100F791BF /* FDFileManager.m */,
				2BEAFE9C146B2C6B00F791BF /* Files */,
			);
			name = Objects;
			sourceTree = "<group>";
		};
		2BEAFE9C146B2C6B00F791BF /* Files */ = {
			isa = PBXGroup;
			children = (
				2BEAFE90146B289B00F791BF /* FDFile.h */,
				2BEAFE91146B289B00F791BF /* FDFile.m */,
				2BEAFE9D146B2C7600F791BF /* Specifics */,
			);
			name = Files;
			sourceTree = "<group>";
		};
		2BEAFE9D146B2C7600F791BF /* Specifics */ = {
			isa = PBXGroup;
			children = (
				2BEAFE96146B2C1100F791BF /* FDFileRecv.h */,
				2BEAFE97146B2C1100F791BF /* FDFileRecv.m */,
				2BEAFE99146B2C2100F791BF /* FDFileSend.h */,
				2BEAFE9A146B2C2100F791BF /* FDFileSend.m */,
			);
			name = Specifics;
			sourceTree = "<group>";
		};
		2BEAFE9E146B385300F791BF /* Resources */ = {
			isa = PBXGroup;
			children = (
				2BEAFE9F146B386000F791BF /* cancel_hover.png */,
				2BEAFEA0146B386000F791BF /* cancel.png */,
				2BEAFEA1146B386000F791BF /* pause_hover.png */,
				2BEAFEA2146B386000F791BF /* pause.png */,
				2BEAFEA3146B386000F791BF /* resume_hover.png */,
				2BEAFEA4146B386000F791BF /* resume.png */,
			);
			name = Resources;
			sourceTree = "<group>";
		};
		2BEAFEAB146B3C0A00F791BF /* Other UI */ = {
			isa = PBXGroup;
			children = (
			);
			name = "Other UI";
			path = ../../../../twitter/twui/lib;
			sourceTree = "<group>";
		};
		2BEAFED2146CA66C00F791BF /* Communication */ = {
			isa = PBXGroup;
			children = (
				2BEAFED3146CA6A500F791BF /* RSSocket.h */,
				2BEAFED4146CA6A500F791BF /* RSSocket.m */,
				2BEAFEDE146CA91B00F791BF /* KBPacket.h */,
				2BEAFEDF146CA91B00F791BF /* KBPacket.m */,
				2BEAFEDB146CA7A100F791BF /* FDServerClient.h */,
				2BEAFEDC146CA7A100F791BF /* FDServerClient.m */,
			);
			name = Communication;
			sourceTree = "<group>";
		};
/* End PBXGroup section */

/* Begin PBXNativeTarget section */
		2BEAFD5E1469E4E600F791BF /* FileDrop */ = {
			isa = PBXNativeTarget;
			buildConfigurationList = 2BEAFD7D1469E4E600F791BF /* Build configuration list for PBXNativeTarget "FileDrop" */;
			buildPhases = (
				2BEAFD5B1469E4E600F791BF /* Sources */,
				2BEAFD5C1469E4E600F791BF /* Frameworks */,
				2BEAFD5D1469E4E600F791BF /* Resources */,
				2BEAFDD31469F4A500F791BF /* CopyFiles */,
			);
			buildRules = (
			);
			dependencies = (
			);
			name = FileDrop;
			productName = FileDrop;
			productReference = 2BEAFD5F1469E4E600F791BF /* FileDrop.app */;
			productType = "com.apple.product-type.application";
		};
/* End PBXNativeTarget section */

/* Begin PBXProject section */
		2BEAFD561469E4E500F791BF /* Project object */ = {
			isa = PBXProject;
			attributes = {
				LastUpgradeCheck = 0420;
				ORGANIZATIONNAME = "Freelance Web Developer";
			};
			buildConfigurationList = 2BEAFD591469E4E500F791BF /* Build configuration list for PBXProject "FileDrop" */;
			compatibilityVersion = "Xcode 3.2";
			developmentRegion = English;
			hasScannedForEncodings = 0;
			knownRegions = (
				en,
			);
			mainGroup = 2BEAFD541469E4E500F791BF;
			productRefGroup = 2BEAFD601469E4E600F791BF /* Products */;
			projectDirPath = "";
			projectRoot = "";
			targets = (
				2BEAFD5E1469E4E600F791BF /* FileDrop */,
			);
		};
/* End PBXProject section */

/* Begin PBXResourcesBuildPhase section */
		2BEAFD5D1469E4E600F791BF /* Resources */ = {
			isa = PBXResourcesBuildPhase;
			buildActionMask = 2147483647;
			files = (
				2BEAFD6E1469E4E600F791BF /* InfoPlist.strings in Resources */,
				2BEAFD741469E4E600F791BF /* Credits.rtf in Resources */,
				2BEAFD7A1469E4E600F791BF /* MainMenu.xib in Resources */,
				2BEAFEA5146B386000F791BF /* cancel_hover.png in Resources */,
				2BEAFEA6146B386000F791BF /* cancel.png in Resources */,
				2BEAFEA7146B386000F791BF /* pause_hover.png in Resources */,
				2BEAFEA8146B386000F791BF /* pause.png in Resources */,
				2BEAFEA9146B386000F791BF /* resume_hover.png in Resources */,
				2BEAFEAA146B386000F791BF /* resume.png in Resources */,
			);
			runOnlyForDeploymentPostprocessing = 0;
		};
/* End PBXResourcesBuildPhase section */

/* Begin PBXSourcesBuildPhase section */
		2BEAFD5B1469E4E600F791BF /* Sources */ = {
			isa = PBXSourcesBuildPhase;
			buildActionMask = 2147483647;
			files = (
				2BEAFD701469E4E600F791BF /* main.m in Sources */,
				2BEAFD771469E4E600F791BF /* FDAppDelegate.m in Sources */,
				2BEAFD8C1469E5D300F791BF /* KBContext.c in Sources */,
				2BEAFD8D1469E5D300F791BF /* KBDecode.c in Sources */,
				2BEAFD8E1469E5D300F791BF /* KBDecodeObjC.m in Sources */,
				2BEAFD8F1469E5D300F791BF /* KBEncode.c in Sources */,
				2BEAFD901469E5D300F791BF /* KBEncodeObjC.m in Sources */,
				2BEAFE8B146B18C300F791BF /* RSUIToolBox.m in Sources */,
				2BEAFE92146B289B00F791BF /* FDFile.m in Sources */,
				2BEAFE95146B29E100F791BF /* FDFileManager.m in Sources */,
				2BEAFE98146B2C1200F791BF /* FDFileRecv.m in Sources */,
				2BEAFE9B146B2C2200F791BF /* FDFileSend.m in Sources */,
				2BEAFED5146CA6A500F791BF /* RSSocket.m in Sources */,
				2BEAFEDD146CA7A100F791BF /* FDServerClient.m in Sources */,
				2BEAFEE0146CA91B00F791BF /* KBPacket.m in Sources */,
			);
			runOnlyForDeploymentPostprocessing = 0;
		};
/* End PBXSourcesBuildPhase section */

/* Begin PBXVariantGroup section */
		2BEAFD6C1469E4E600F791BF /* InfoPlist.strings */ = {
			isa = PBXVariantGroup;
			children = (
				2BEAFD6D1469E4E600F791BF /* en */,
			);
			name = InfoPlist.strings;
			sourceTree = "<group>";
		};
		2BEAFD721469E4E600F791BF /* Credits.rtf */ = {
			isa = PBXVariantGroup;
			children = (
				2BEAFD731469E4E600F791BF /* en */,
			);
			name = Credits.rtf;
			sourceTree = "<group>";
		};
		2BEAFD781469E4E600F791BF /* MainMenu.xib */ = {
			isa = PBXVariantGroup;
			children = (
				2BEAFD791469E4E600F791BF /* en */,
			);
			name = MainMenu.xib;
			sourceTree = "<group>";
		};
/* End PBXVariantGroup section */

/* Begin XCBuildConfiguration section */
		2BEAFD7B1469E4E600F791BF /* Debug */ = {
			isa = XCBuildConfiguration;
			buildSettings = {
				ALWAYS_SEARCH_USER_PATHS = NO;
				ARCHS = "$(ARCHS_STANDARD_64_BIT)";
				CLANG_ENABLE_OBJC_ARC = YES;
				COPY_PHASE_STRIP = NO;
				GCC_C_LANGUAGE_STANDARD = gnu99;
				GCC_DYNAMIC_NO_PIC = NO;
				GCC_ENABLE_OBJC_EXCEPTIONS = YES;
				GCC_OPTIMIZATION_LEVEL = 0;
				GCC_PREPROCESSOR_DEFINITIONS = (
					"DEBUG=1",
					"$(inherited)",
				);
				GCC_SYMBOLS_PRIVATE_EXTERN = NO;
				GCC_VERSION = com.apple.compilers.llvm.clang.1_0;
				GCC_WARN_64_TO_32_BIT_CONVERSION = YES;
				GCC_WARN_ABOUT_MISSING_PROTOTYPES = YES;
				GCC_WARN_ABOUT_RETURN_TYPE = YES;
				GCC_WARN_UNUSED_VARIABLE = YES;
				MACOSX_DEPLOYMENT_TARGET = 10.7;
				ONLY_ACTIVE_ARCH = YES;
				SDKROOT = macosx;
			};
			name = Debug;
		};
		2BEAFD7C1469E4E600F791BF /* Release */ = {
			isa = XCBuildConfiguration;
			buildSettings = {
				ALWAYS_SEARCH_USER_PATHS = NO;
				ARCHS = "$(ARCHS_STANDARD_64_BIT)";
				CLANG_ENABLE_OBJC_ARC = YES;
				COPY_PHASE_STRIP = YES;
				DEBUG_INFORMATION_FORMAT = "dwarf-with-dsym";
				GCC_C_LANGUAGE_STANDARD = gnu99;
				GCC_ENABLE_OBJC_EXCEPTIONS = YES;
				GCC_VERSION = com.apple.compilers.llvm.clang.1_0;
				GCC_WARN_64_TO_32_BIT_CONVERSION = YES;
				GCC_WARN_ABOUT_MISSING_PROTOTYPES = YES;
				GCC_WARN_ABOUT_RETURN_TYPE = YES;
				GCC_WARN_UNUSED_VARIABLE = YES;
				MACOSX_DEPLOYMENT_TARGET = 10.7;
				SDKROOT = macosx;
			};
			name = Release;
		};
		2BEAFD7E1469E4E600F791BF /* Debug */ = {
			isa = XCBuildConfiguration;
			buildSettings = {
				CLANG_ENABLE_OBJC_ARC = YES;
				FRAMEWORK_SEARCH_PATHS = (
					"$(inherited)",
					"\"$(SRCROOT)\"",
				);
				GCC_PRECOMPILE_PREFIX_HEADER = YES;
				GCC_PREFIX_HEADER = "FileDrop/FileDrop-Prefix.pch";
				GCC_PREPROCESSOR_DEFINITIONS = "DEBUG=1";
				INFOPLIST_FILE = "FileDrop/FileDrop-Info.plist";
				PRODUCT_NAME = "$(TARGET_NAME)";
				WRAPPER_EXTENSION = app;
			};
			name = Debug;
		};
		2BEAFD7F1469E4E600F791BF /* Release */ = {
			isa = XCBuildConfiguration;
			buildSettings = {
				CLANG_ENABLE_OBJC_ARC = YES;
				FRAMEWORK_SEARCH_PATHS = (
					"$(inherited)",
					"\"$(SRCROOT)\"",
				);
				GCC_PRECOMPILE_PREFIX_HEADER = YES;
				GCC_PREFIX_HEADER = "FileDrop/FileDrop-Prefix.pch";
				GCC_PREPROCESSOR_DEFINITIONS = "";
				INFOPLIST_FILE = "FileDrop/FileDrop-Info.plist";
				PRODUCT_NAME = "$(TARGET_NAME)";
				WRAPPER_EXTENSION = app;
			};
			name = Release;
		};
/* End XCBuildConfiguration section */

/* Begin XCConfigurationList section */
		2BEAFD591469E4E500F791BF /* Build configuration list for PBXProject "FileDrop" */ = {
			isa = XCConfigurationList;
			buildConfigurations = (
				2BEAFD7B1469E4E600F791BF /* Debug */,
				2BEAFD7C1469E4E600F791BF /* Release */,
			);
			defaultConfigurationIsVisible = 0;
			defaultConfigurationName = Release;
		};
		2BEAFD7D1469E4E600F791BF /* Build configuration list for PBXNativeTarget "FileDrop" */ = {
			isa = XCConfigurationList;
			buildConfigurations = (
				2BEAFD7E1469E4E600F791BF /* Debug */,
				2BEAFD7F1469E4E600F791BF /* Release */,
			);
			defaultConfigurationIsVisible = 0;
		};
/* End XCConfigurationList section */
	};
	rootObject = 2BEAFD561469E4E500F791BF /* Project object */;
}
